
Microsoft Visual Studio Solution File, Format Version 12.00
# Visual Studio Version 17
VisualStudioVersion = 17.7.34202.233
MinimumVisualStudioVersion = 10.0.40219.1
Project("{FAE04EC0-301F-11D3-BF4B-00C04F79EFBC}") = "LampGarlandGenerator", "LampGarlandGenerator\LampGarlandGenerator.csproj", "{59C86590-B3DC-4C23-B93B-08B77A3216DB}"
EndProject
Project("{FAE04EC0-301F-11D3-BF4B-00C04F79EFBC}") = "Flyweight", "Flyweight\Flyweight.csproj", "{7E633EBF-32DD-48FB-8674-7A10AA34F331}"
EndProject
Global
	GlobalSection(SolutionConfigurationPlatforms) = preSolution
		Debug|Any CPU = Debug|Any CPU
		Release|Any CPU = Release|Any CPU
	EndGlobalSection
	GlobalSection(ProjectConfigurationPlatforms) = postSolution
		{59C86590-B3DC-4C23-B93B-08B77A3216DB}.Debug|Any CPU.ActiveCfg = Debug|Any CPU
		{59C86590-B3DC-4C23-B93B-08B77A3216DB}.Debug|Any CPU.Build.0 = Debug|Any CPU
		{59C86590-B3DC-4C23-B93B-08B77A3216DB}.Release|Any CPU.ActiveCfg = Release|Any CPU
		{59C86590-B3DC-4C23-B93B-08B77A3216DB}.Release|Any CPU.Build.0 = Release|Any CPU
		{7E633EBF-32DD-48FB-8674-7A10AA34F331}.Debug|Any CPU.ActiveCfg = Debug|Any CPU
		{7E633EBF-32DD-48FB-8674-7A10AA34F331}.Debug|Any CPU.Build.0 = Debug|Any CPU
		{7E633EBF-32DD-48FB-8674-7A10AA34F331}.Release|Any CPU.ActiveCfg = Release|Any CPU
		{7E633EBF-32DD-48FB-8674-7A10AA34F331}.Release|Any CPU.Build.0 = Release|Any CPU
	EndGlobalSection
	GlobalSection(SolutionProperties) = preSolution
		HideSolutionNode = FALSE
	EndGlobalSection
	GlobalSection(ExtensibilityGlobals) = postSolution
		SolutionGuid = {0282FF34-9A4D-4672-8BEC-10ADB7AAFA5D}
	EndGlobalSection
EndGlobal
